{
  "name": "emilio_beaufort_v2",
  "lockfileVersion": 3,
  "requires": true,
  "packages": {
    "": {
      "dependencies": {
        "@tabler/icons-react": "^3.34.0"
      }
    },
    "node_modules/@tabler/icons": {
      "version": "3.34.0",
      "resolved": "https://registry.npmjs.org/@tabler/icons/-/icons-3.34.0.tgz",
      "integrity": "sha512-jtVqv0JC1WU2TTEBN32D9+R6mc1iEBuPwLnBsWaR02SIEciu9aq5806AWkCHuObhQ4ERhhXErLEK7Fs+tEZxiA==",
      "license": "MIT",
      "funding": {
        "type": "github",
        "url": "https://github.com/sponsors/codecalm"
      }
    },
    "node_modules/@tabler/icons-react": {
      "version": "3.34.0",
      "resolved": "https://registry.npmjs.org/@tabler/icons-react/-/icons-react-3.34.0.tgz",
      "integrity": "sha512-OpEIR2iZsIXECtAIMbn1zfKfQ3zKJjXyIZlkgOGUL9UkMCFycEiF2Y8AVfEQsyre/3FnBdlWJvGr0NU47n2TbQ==",
      "license": "MIT",
      "dependencies": {
        "@tabler/icons": "3.34.0"
      },
      "funding": {
        "type": "github",
        "url": "https://github.com/sponsors/codecalm"
      },
      "peerDependencies": {
        "react": ">= 16"
      }
    },
    "node_modules/react": {
      "version": "19.1.0",
      "resolved": "https://registry.npmjs.org/react/-/react-19.1.0.tgz",
      "integrity": "sha512-FS+XFBNvn3GTAWq26joslQgWNoFu08F4kl0J4CgdNKADkdSGXQyTCnKteIAJy96Br6YbpEU1LSzV5dYtjMkMDg==",
      "license": "MIT",
      "peer": true,
      "engines": {
        "node": ">=0.10.0"
      }
    }
  }
}
